// !$*UTF8*$!
{
	archiveVersion = 1;
	classes = {
	};
	objectVersion = 48;
	objects = {

/* Begin PBXBuildFile section */
		788F12DD203283D0006FEC63 /* AppDelegate.m in Sources */ = {isa = PBXBuildFile; fileRef = 788F12DC203283D0006FEC63 /* AppDelegate.m */; };
		788F12E3203283D0006FEC63 /* Main.storyboard in Resources */ = {isa = PBXBuildFile; fileRef = 788F12E1203283D0006FEC63 /* Main.storyboard */; };
		788F12E5203283D0006FEC63 /* Assets.xcassets in Resources */ = {isa = PBXBuildFile; fileRef = 788F12E4203283D0006FEC63 /* Assets.xcassets */; };
		788F12E8203283D0006FEC63 /* LaunchScreen.storyboard in Resources */ = {isa = PBXBuildFile; fileRef = 788F12E6203283D0006FEC63 /* LaunchScreen.storyboard */; };
		788F12EB203283D0006FEC63 /* main.m in Sources */ = {isa = PBXBuildFile; fileRef = 788F12EA203283D0006FEC63 /* main.m */; };
		788F12F5203283D0006FEC63 /* GLCodeFragmentTests.m in Sources */ = {isa = PBXBuildFile; fileRef = 788F12F4203283D0006FEC63 /* GLCodeFragmentTests.m */; };
		788F1300203283D0006FEC63 /* GLCodeFragmentUITests.m in Sources */ = {isa = PBXBuildFile; fileRef = 788F12FF203283D0006FEC63 /* GLCodeFragmentUITests.m */; };
		788F131020328CC9006FEC63 /* RootTableViewController.m in Sources */ = {isa = PBXBuildFile; fileRef = 788F130F20328CC9006FEC63 /* RootTableViewController.m */; };
		788F1331203293D5006FEC63 /* AGLKView.m in Sources */ = {isa = PBXBuildFile; fileRef = 788F1314203293D5006FEC63 /* AGLKView.m */; };
		788F1332203293D5006FEC63 /* AGLKTextureTransformBaseEffect.m in Sources */ = {isa = PBXBuildFile; fileRef = 788F1315203293D5006FEC63 /* AGLKTextureTransformBaseEffect.m */; };
		788F1333203293D5006FEC63 /* AGLKContext.m in Sources */ = {isa = PBXBuildFile; fileRef = 788F1317203293D5006FEC63 /* AGLKContext.m */; };
		788F1334203293D5006FEC63 /* AGLKFrustum.m in Sources */ = {isa = PBXBuildFile; fileRef = 788F1319203293D5006FEC63 /* AGLKFrustum.m */; };
		788F1335203293D5006FEC63 /* AGLKViewController.m in Sources */ = {isa = PBXBuildFile; fileRef = 788F131A203293D5006FEC63 /* AGLKViewController.m */; };
		788F1336203293D5006FEC63 /* AGLKVertexAttribArrayBuffer.m in Sources */ = {isa = PBXBuildFile; fileRef = 788F131B203293D5006FEC63 /* AGLKVertexAttribArrayBuffer.m */; };
		788F1337203293D5006FEC63 /* AGLKPointParticleEffect.m in Sources */ = {isa = PBXBuildFile; fileRef = 788F131D203293D5006FEC63 /* AGLKPointParticleEffect.m */; };
		788F1338203293D5006FEC63 /* AGLKTextureLoader.m in Sources */ = {isa = PBXBuildFile; fileRef = 788F131F203293D5006FEC63 /* AGLKTextureLoader.m */; };
		788F1339203293D5006FEC63 /* AGLKCollision.m in Sources */ = {isa = PBXBuildFile; fileRef = 788F1320203293D5006FEC63 /* AGLKCollision.m */; };
		788F133A203293D5006FEC63 /* AGLKPointParticleShader.fsh in Resources */ = {isa = PBXBuildFile; fileRef = 788F1322203293D5006FEC63 /* AGLKPointParticleShader.fsh */; };
		788F133B203293D5006FEC63 /* AGLKTextureMatrix2PointLightShader.vsh in Resources */ = {isa = PBXBuildFile; fileRef = 788F1323203293D5006FEC63 /* AGLKTextureMatrix2PointLightShader.vsh */; };
		788F133C203293D5006FEC63 /* AGLKSkyboxShader.fsh in Resources */ = {isa = PBXBuildFile; fileRef = 788F1324203293D5006FEC63 /* AGLKSkyboxShader.fsh */; };
		788F133D203293D5006FEC63 /* AGLKPointParticleShader.vsh in Resources */ = {isa = PBXBuildFile; fileRef = 788F1325203293D5006FEC63 /* AGLKPointParticleShader.vsh */; };
		788F133E203293D5006FEC63 /* AGLKTextureMatrix2PointLightShader.fsh in Resources */ = {isa = PBXBuildFile; fileRef = 788F1326203293D5006FEC63 /* AGLKTextureMatrix2PointLightShader.fsh */; };
		788F133F203293D5006FEC63 /* AGLKSkyboxShader.vsh in Resources */ = {isa = PBXBuildFile; fileRef = 788F1327203293D5006FEC63 /* AGLKSkyboxShader.vsh */; };
		788F1340203293D5006FEC63 /* AGLKSkyboxEffect.m in Sources */ = {isa = PBXBuildFile; fileRef = 788F132A203293D5006FEC63 /* AGLKSkyboxEffect.m */; };
		788F1341203293D5006FEC63 /* AGLKFilters.m in Sources */ = {isa = PBXBuildFile; fileRef = 788F132D203293D5006FEC63 /* AGLKFilters.m */; };
		788F1345203293F7006FEC63 /* texture_01.m in Sources */ = {isa = PBXBuildFile; fileRef = 788F1342203293F7006FEC63 /* texture_01.m */; };
		788F1346203293F7006FEC63 /* leaves.gif in Resources */ = {isa = PBXBuildFile; fileRef = 788F1343203293F7006FEC63 /* leaves.gif */; };
		788F134B2032C3F1006FEC63 /* Texture_02.m in Sources */ = {isa = PBXBuildFile; fileRef = 788F134A2032C3F1006FEC63 /* Texture_02.m */; };
		788F134E2032D1A2006FEC63 /* Texture_03.m in Sources */ = {isa = PBXBuildFile; fileRef = 788F134D2032D1A2006FEC63 /* Texture_03.m */; };
/* End PBXBuildFile section */

/* Begin PBXContainerItemProxy section */
		788F12F1203283D0006FEC63 /* PBXContainerItemProxy */ = {
			isa = PBXContainerItemProxy;
			containerPortal = 788F12D0203283D0006FEC63 /* Project object */;
			proxyType = 1;
			remoteGlobalIDString = 788F12D7203283D0006FEC63;
			remoteInfo = GLCodeFragment;
		};
		788F12FC203283D0006FEC63 /* PBXContainerItemProxy */ = {
			isa = PBXContainerItemProxy;
			containerPortal = 788F12D0203283D0006FEC63 /* Project object */;
			proxyType = 1;
			remoteGlobalIDString = 788F12D7203283D0006FEC63;
			remoteInfo = GLCodeFragment;
		};
/* End PBXContainerItemProxy section */

/* Begin PBXFileReference section */
		788F12D8203283D0006FEC63 /* GLCodeFragment.app */ = {isa = PBXFileReference; explicitFileType = wrapper.application; includeInIndex = 0; path = GLCodeFragment.app; sourceTree = BUILT_PRODUCTS_DIR; };
		788F12DB203283D0006FEC63 /* AppDelegate.h */ = {isa = PBXFileReference; lastKnownFileType = sourcecode.c.h; path = AppDelegate.h; sourceTree = "<group>"; };
		788F12DC203283D0006FEC63 /* AppDelegate.m */ = {isa = PBXFileReference; lastKnownFileType = sourcecode.c.objc; path = AppDelegate.m; sourceTree = "<group>"; };
		788F12E2203283D0006FEC63 /* Base */ = {isa = PBXFileReference; lastKnownFileType = file.storyboard; name = Base; path = Base.lproj/Main.storyboard; sourceTree = "<group>"; };
		788F12E4203283D0006FEC63 /* Assets.xcassets */ = {isa = PBXFileReference; lastKnownFileType = folder.assetcatalog; path = Assets.xcassets; sourceTree = "<group>"; };
		788F12E7203283D0006FEC63 /* Base */ = {isa = PBXFileReference; lastKnownFileType = file.storyboard; name = Base; path = Base.lproj/LaunchScreen.storyboard; sourceTree = "<group>"; };
		788F12E9203283D0006FEC63 /* Info.plist */ = {isa = PBXFileReference; lastKnownFileType = text.plist.xml; path = Info.plist; sourceTree = "<group>"; };
		788F12EA203283D0006FEC63 /* main.m */ = {isa = PBXFileReference; lastKnownFileType = sourcecode.c.objc; path = main.m; sourceTree = "<group>"; };
		788F12F0203283D0006FEC63 /* GLCodeFragmentTests.xctest */ = {isa = PBXFileReference; explicitFileType = wrapper.cfbundle; includeInIndex = 0; path = GLCodeFragmentTests.xctest; sourceTree = BUILT_PRODUCTS_DIR; };
		788F12F4203283D0006FEC63 /* GLCodeFragmentTests.m */ = {isa = PBXFileReference; lastKnownFileType = sourcecode.c.objc; path = GLCodeFragmentTests.m; sourceTree = "<group>"; };
		788F12F6203283D0006FEC63 /* Info.plist */ = {isa = PBXFileReference; lastKnownFileType = text.plist.xml; path = Info.plist; sourceTree = "<group>"; };
		788F12FB203283D0006FEC63 /* GLCodeFragmentUITests.xctest */ = {isa = PBXFileReference; explicitFileType = wrapper.cfbundle; includeInIndex = 0; path = GLCodeFragmentUITests.xctest; sourceTree = BUILT_PRODUCTS_DIR; };
		788F12FF203283D0006FEC63 /* GLCodeFragmentUITests.m */ = {isa = PBXFileReference; lastKnownFileType = sourcecode.c.objc; path = GLCodeFragmentUITests.m; sourceTree = "<group>"; };
		788F1301203283D0006FEC63 /* Info.plist */ = {isa = PBXFileReference; lastKnownFileType = text.plist.xml; path = Info.plist; sourceTree = "<group>"; };
		788F130E20328CC9006FEC63 /* RootTableViewController.h */ = {isa = PBXFileReference; lastKnownFileType = sourcecode.c.h; path = RootTableViewController.h; sourceTree = "<group>"; };
		788F130F20328CC9006FEC63 /* RootTableViewController.m */ = {isa = PBXFileReference; lastKnownFileType = sourcecode.c.objc; path = RootTableViewController.m; sourceTree = "<group>"; };
		788F1313203293D5006FEC63 /* AGLKTextureLoader.h */ = {isa = PBXFileReference; fileEncoding = 4; lastKnownFileType = sourcecode.c.h; path = AGLKTextureLoader.h; sourceTree = "<group>"; };
		788F1314203293D5006FEC63 /* AGLKView.m */ = {isa = PBXFileReference; fileEncoding = 4; lastKnownFileType = sourcecode.c.objc; path = AGLKView.m; sourceTree = "<group>"; };
		788F1315203293D5006FEC63 /* AGLKTextureTransformBaseEffect.m */ = {isa = PBXFileReference; fileEncoding = 4; lastKnownFileType = sourcecode.c.objc; path = AGLKTextureTransformBaseEffect.m; sourceTree = "<group>"; };
		788F1316203293D5006FEC63 /* AGLKCollision.h */ = {isa = PBXFileReference; fileEncoding = 4; lastKnownFileType = sourcecode.c.h; path = AGLKCollision.h; sourceTree = "<group>"; };
		788F1317203293D5006FEC63 /* AGLKContext.m */ = {isa = PBXFileReference; fileEncoding = 4; lastKnownFileType = sourcecode.c.objc; path = AGLKContext.m; sourceTree = "<group>"; };
		788F1318203293D5006FEC63 /* AGLKSkyboxEffect.h */ = {isa = PBXFileReference; fileEncoding = 4; lastKnownFileType = sourcecode.c.h; path = AGLKSkyboxEffect.h; sourceTree = "<group>"; };
		788F1319203293D5006FEC63 /* AGLKFrustum.m */ = {isa = PBXFileReference; fileEncoding = 4; lastKnownFileType = sourcecode.c.objc; path = AGLKFrustum.m; sourceTree = "<group>"; };
		788F131A203293D5006FEC63 /* AGLKViewController.m */ = {isa = PBXFileReference; fileEncoding = 4; lastKnownFileType = sourcecode.c.objc; path = AGLKViewController.m; sourceTree = "<group>"; };
		788F131B203293D5006FEC63 /* AGLKVertexAttribArrayBuffer.m */ = {isa = PBXFileReference; fileEncoding = 4; lastKnownFileType = sourcecode.c.objc; path = AGLKVertexAttribArrayBuffer.m; sourceTree = "<group>"; };
		788F131C203293D5006FEC63 /* AGLKFilters.h */ = {isa = PBXFileReference; fileEncoding = 4; lastKnownFileType = sourcecode.c.h; path = AGLKFilters.h; sourceTree = "<group>"; };
		788F131D203293D5006FEC63 /* AGLKPointParticleEffect.m */ = {isa = PBXFileReference; fileEncoding = 4; lastKnownFileType = sourcecode.c.objc; path = AGLKPointParticleEffect.m; sourceTree = "<group>"; };
		788F131E203293D5006FEC63 /* AGLKView.h */ = {isa = PBXFileReference; fileEncoding = 4; lastKnownFileType = sourcecode.c.h; path = AGLKView.h; sourceTree = "<group>"; };
		788F131F203293D5006FEC63 /* AGLKTextureLoader.m */ = {isa = PBXFileReference; fileEncoding = 4; lastKnownFileType = sourcecode.c.objc; path = AGLKTextureLoader.m; sourceTree = "<group>"; };
		788F1320203293D5006FEC63 /* AGLKCollision.m */ = {isa = PBXFileReference; fileEncoding = 4; lastKnownFileType = sourcecode.c.objc; path = AGLKCollision.m; sourceTree = "<group>"; };
		788F1322203293D5006FEC63 /* AGLKPointParticleShader.fsh */ = {isa = PBXFileReference; fileEncoding = 4; lastKnownFileType = sourcecode.glsl; path = AGLKPointParticleShader.fsh; sourceTree = "<group>"; };
		788F1323203293D5006FEC63 /* AGLKTextureMatrix2PointLightShader.vsh */ = {isa = PBXFileReference; fileEncoding = 4; lastKnownFileType = sourcecode.glsl; path = AGLKTextureMatrix2PointLightShader.vsh; sourceTree = "<group>"; };
		788F1324203293D5006FEC63 /* AGLKSkyboxShader.fsh */ = {isa = PBXFileReference; fileEncoding = 4; lastKnownFileType = sourcecode.glsl; path = AGLKSkyboxShader.fsh; sourceTree = "<group>"; };
		788F1325203293D5006FEC63 /* AGLKPointParticleShader.vsh */ = {isa = PBXFileReference; fileEncoding = 4; lastKnownFileType = sourcecode.glsl; path = AGLKPointParticleShader.vsh; sourceTree = "<group>"; };
		788F1326203293D5006FEC63 /* AGLKTextureMatrix2PointLightShader.fsh */ = {isa = PBXFileReference; fileEncoding = 4; lastKnownFileType = sourcecode.glsl; path = AGLKTextureMatrix2PointLightShader.fsh; sourceTree = "<group>"; };
		788F1327203293D5006FEC63 /* AGLKSkyboxShader.vsh */ = {isa = PBXFileReference; fileEncoding = 4; lastKnownFileType = sourcecode.glsl; path = AGLKSkyboxShader.vsh; sourceTree = "<group>"; };
		788F1328203293D5006FEC63 /* AGLKTextureTransformBaseEffect.h */ = {isa = PBXFileReference; fileEncoding = 4; lastKnownFileType = sourcecode.c.h; path = AGLKTextureTransformBaseEffect.h; sourceTree = "<group>"; };
		788F1329203293D5006FEC63 /* AGLKFrustum.h */ = {isa = PBXFileReference; fileEncoding = 4; lastKnownFileType = sourcecode.c.h; path = AGLKFrustum.h; sourceTree = "<group>"; };
		788F132A203293D5006FEC63 /* AGLKSkyboxEffect.m */ = {isa = PBXFileReference; fileEncoding = 4; lastKnownFileType = sourcecode.c.objc; path = AGLKSkyboxEffect.m; sourceTree = "<group>"; };
		788F132B203293D5006FEC63 /* AGLKContext.h */ = {isa = PBXFileReference; fileEncoding = 4; lastKnownFileType = sourcecode.c.h; path = AGLKContext.h; sourceTree = "<group>"; };
		788F132C203293D5006FEC63 /* AGLKPointParticleEffect.h */ = {isa = PBXFileReference; fileEncoding = 4; lastKnownFileType = sourcecode.c.h; path = AGLKPointParticleEffect.h; sourceTree = "<group>"; };
		788F132D203293D5006FEC63 /* AGLKFilters.m */ = {isa = PBXFileReference; fileEncoding = 4; lastKnownFileType = sourcecode.c.objc; path = AGLKFilters.m; sourceTree = "<group>"; };
		788F132E203293D5006FEC63 /* AGLKVertexAttribArrayBuffer.h */ = {isa = PBXFileReference; fileEncoding = 4; lastKnownFileType = sourcecode.c.h; path = AGLKVertexAttribArrayBuffer.h; sourceTree = "<group>"; };
		788F132F203293D5006FEC63 /* AGLKAxisAllignedBoundingBox.h */ = {isa = PBXFileReference; fileEncoding = 4; lastKnownFileType = sourcecode.c.h; path = AGLKAxisAllignedBoundingBox.h; sourceTree = "<group>"; };
		788F1330203293D5006FEC63 /* AGLKViewController.h */ = {isa = PBXFileReference; fileEncoding = 4; lastKnownFileType = sourcecode.c.h; path = AGLKViewController.h; sourceTree = "<group>"; };
		788F1342203293F7006FEC63 /* texture_01.m */ = {isa = PBXFileReference; fileEncoding = 4; lastKnownFileType = sourcecode.c.objc; path = texture_01.m; sourceTree = "<group>"; };
		788F1343203293F7006FEC63 /* leaves.gif */ = {isa = PBXFileReference; lastKnownFileType = image.gif; path = leaves.gif; sourceTree = "<group>"; };
		788F1344203293F7006FEC63 /* texture_01.h */ = {isa = PBXFileReference; fileEncoding = 4; lastKnownFileType = sourcecode.c.h; path = texture_01.h; sourceTree = "<group>"; };
		788F13492032C3F1006FEC63 /* Texture_02.h */ = {isa = PBXFileReference; fileEncoding = 4; lastKnownFileType = sourcecode.c.h; path = Texture_02.h; sourceTree = "<group>"; };
		788F134A2032C3F1006FEC63 /* Texture_02.m */ = {isa = PBXFileReference; fileEncoding = 4; lastKnownFileType = sourcecode.c.objc; path = Texture_02.m; sourceTree = "<group>"; };
		788F134C2032D1A2006FEC63 /* Texture_03.h */ = {isa = PBXFileReference; fileEncoding = 4; lastKnownFileType = sourcecode.c.h; path = Texture_03.h; sourceTree = "<group>"; };
		788F134D2032D1A2006FEC63 /* Texture_03.m */ = {isa = PBXFileReference; fileEncoding = 4; lastKnownFileType = sourcecode.c.objc; path = Texture_03.m; sourceTree = "<group>"; };
/* End PBXFileReference section */

/* Begin PBXFrameworksBuildPhase section */
		788F12D5203283D0006FEC63 /* Frameworks */ = {
			isa = PBXFrameworksBuildPhase;
			buildActionMask = 2147483647;
			files = (
			);
			runOnlyForDeploymentPostprocessing = 0;
		};
		788F12ED203283D0006FEC63 /* Frameworks */ = {
			isa = PBXFrameworksBuildPhase;
			buildActionMask = 2147483647;
			files = (
			);
			runOnlyForDeploymentPostprocessing = 0;
		};
		788F12F8203283D0006FEC63 /* Frameworks */ = {
			isa = PBXFrameworksBuildPhase;
			buildActionMask = 2147483647;
			files = (
			);
			runOnlyForDeploymentPostprocessing = 0;
		};
/* End PBXFrameworksBuildPhase section */

/* Begin PBXGroup section */
		788F12CF203283D0006FEC63 = {
			isa = PBXGroup;
			children = (
				788F12DA203283D0006FEC63 /* GLCodeFragment */,
				788F12F3203283D0006FEC63 /* GLCodeFragmentTests */,
				788F12FE203283D0006FEC63 /* GLCodeFragmentUITests */,
				788F12D9203283D0006FEC63 /* Products */,
			);
			sourceTree = "<group>";
		};
		788F12D9203283D0006FEC63 /* Products */ = {
			isa = PBXGroup;
			children = (
				788F12D8203283D0006FEC63 /* GLCodeFragment.app */,
				788F12F0203283D0006FEC63 /* GLCodeFragmentTests.xctest */,
				788F12FB203283D0006FEC63 /* GLCodeFragmentUITests.xctest */,
			);
			name = Products;
			sourceTree = "<group>";
		};
		788F12DA203283D0006FEC63 /* GLCodeFragment */ = {
			isa = PBXGroup;
			children = (
				788F1312203293D5006FEC63 /* AGLKit */,
				788F130D20328CB4006FEC63 /* VC */,
				788F12DB203283D0006FEC63 /* AppDelegate.h */,
				788F12DC203283D0006FEC63 /* AppDelegate.m */,
				788F12E1203283D0006FEC63 /* Main.storyboard */,
				788F12E4203283D0006FEC63 /* Assets.xcassets */,
				788F12E6203283D0006FEC63 /* LaunchScreen.storyboard */,
				788F12E9203283D0006FEC63 /* Info.plist */,
				788F12EA203283D0006FEC63 /* main.m */,
			);
			path = GLCodeFragment;
			sourceTree = "<group>";
		};
		788F12F3203283D0006FEC63 /* GLCodeFragmentTests */ = {
			isa = PBXGroup;
			children = (
				788F12F4203283D0006FEC63 /* GLCodeFragmentTests.m */,
				788F12F6203283D0006FEC63 /* Info.plist */,
			);
			path = GLCodeFragmentTests;
			sourceTree = "<group>";
		};
		788F12FE203283D0006FEC63 /* GLCodeFragmentUITests */ = {
			isa = PBXGroup;
			children = (
				788F12FF203283D0006FEC63 /* GLCodeFragmentUITests.m */,
				788F1301203283D0006FEC63 /* Info.plist */,
			);
			path = GLCodeFragmentUITests;
			sourceTree = "<group>";
		};
		788F130D20328CB4006FEC63 /* VC */ = {
			isa = PBXGroup;
			children = (
				788F13472032C3A5006FEC63 /* texture */,
				788F130E20328CC9006FEC63 /* RootTableViewController.h */,
				788F130F20328CC9006FEC63 /* RootTableViewController.m */,
			);
			path = VC;
			sourceTree = "<group>";
		};
		788F1311203292E1006FEC63 /* texture_01 */ = {
			isa = PBXGroup;
			children = (
				788F1343203293F7006FEC63 /* leaves.gif */,
				788F1344203293F7006FEC63 /* texture_01.h */,
				788F1342203293F7006FEC63 /* texture_01.m */,
			);
			path = texture_01;
			sourceTree = "<group>";
		};
		788F1312203293D5006FEC63 /* AGLKit */ = {
			isa = PBXGroup;
			children = (
				788F1313203293D5006FEC63 /* AGLKTextureLoader.h */,
				788F1314203293D5006FEC63 /* AGLKView.m */,
				788F1315203293D5006FEC63 /* AGLKTextureTransformBaseEffect.m */,
				788F1316203293D5006FEC63 /* AGLKCollision.h */,
				788F1317203293D5006FEC63 /* AGLKContext.m */,
				788F1318203293D5006FEC63 /* AGLKSkyboxEffect.h */,
				788F1319203293D5006FEC63 /* AGLKFrustum.m */,
				788F131A203293D5006FEC63 /* AGLKViewController.m */,
				788F131B203293D5006FEC63 /* AGLKVertexAttribArrayBuffer.m */,
				788F131C203293D5006FEC63 /* AGLKFilters.h */,
				788F131D203293D5006FEC63 /* AGLKPointParticleEffect.m */,
				788F131E203293D5006FEC63 /* AGLKView.h */,
				788F131F203293D5006FEC63 /* AGLKTextureLoader.m */,
				788F1320203293D5006FEC63 /* AGLKCollision.m */,
				788F1321203293D5006FEC63 /* Shaders */,
				788F1328203293D5006FEC63 /* AGLKTextureTransformBaseEffect.h */,
				788F1329203293D5006FEC63 /* AGLKFrustum.h */,
				788F132A203293D5006FEC63 /* AGLKSkyboxEffect.m */,
				788F132B203293D5006FEC63 /* AGLKContext.h */,
				788F132C203293D5006FEC63 /* AGLKPointParticleEffect.h */,
				788F132D203293D5006FEC63 /* AGLKFilters.m */,
				788F132E203293D5006FEC63 /* AGLKVertexAttribArrayBuffer.h */,
				788F132F203293D5006FEC63 /* AGLKAxisAllignedBoundingBox.h */,
				788F1330203293D5006FEC63 /* AGLKViewController.h */,
			);
			path = AGLKit;
			sourceTree = "<group>";
		};
		788F1321203293D5006FEC63 /* Shaders */ = {
			isa = PBXGroup;
			children = (
				788F1322203293D5006FEC63 /* AGLKPointParticleShader.fsh */,
				788F1323203293D5006FEC63 /* AGLKTextureMatrix2PointLightShader.vsh */,
				788F1324203293D5006FEC63 /* AGLKSkyboxShader.fsh */,
				788F1325203293D5006FEC63 /* AGLKPointParticleShader.vsh */,
				788F1326203293D5006FEC63 /* AGLKTextureMatrix2PointLightShader.fsh */,
				788F1327203293D5006FEC63 /* AGLKSkyboxShader.vsh */,
			);
			path = Shaders;
			sourceTree = "<group>";
		};
		788F13472032C3A5006FEC63 /* texture */ = {
			isa = PBXGroup;
			children = (
				788F134C2032D1A2006FEC63 /* Texture_03.h */,
				788F134D2032D1A2006FEC63 /* Texture_03.m */,
				788F13482032C3B6006FEC63 /* texture_02 */,
				788F1311203292E1006FEC63 /* texture_01 */,
			);
			path = texture;
			sourceTree = "<group>";
		};
		788F13482032C3B6006FEC63 /* texture_02 */ = {
			isa = PBXGroup;
			children = (
				788F13492032C3F1006FEC63 /* Texture_02.h */,
				788F134A2032C3F1006FEC63 /* Texture_02.m */,
			);
			path = texture_02;
			sourceTree = "<group>";
		};
/* End PBXGroup section */

/* Begin PBXNativeTarget section */
		788F12D7203283D0006FEC63 /* GLCodeFragment */ = {
			isa = PBXNativeTarget;
			buildConfigurationList = 788F1304203283D1006FEC63 /* Build configuration list for PBXNativeTarget "GLCodeFragment" */;
			buildPhases = (
				788F12D4203283D0006FEC63 /* Sources */,
				788F12D5203283D0006FEC63 /* Frameworks */,
				788F12D6203283D0006FEC63 /* Resources */,
			);
			buildRules = (
			);
			dependencies = (
			);
			name = GLCodeFragment;
			productName = GLCodeFragment;
			productReference = 788F12D8203283D0006FEC63 /* GLCodeFragment.app */;
			productType = "com.apple.product-type.application";
		};
		788F12EF203283D0006FEC63 /* GLCodeFragmentTests */ = {
			isa = PBXNativeTarget;
			buildConfigurationList = 788F1307203283D1006FEC63 /* Build configuration list for PBXNativeTarget "GLCodeFragmentTests" */;
			buildPhases = (
				788F12EC203283D0006FEC63 /* Sources */,
				788F12ED203283D0006FEC63 /* Frameworks */,
				788F12EE203283D0006FEC63 /* Resources */,
			);
			buildRules = (
			);
			dependencies = (
				788F12F2203283D0006FEC63 /* PBXTargetDependency */,
			);
			name = GLCodeFragmentTests;
			productName = GLCodeFragmentTests;
			productReference = 788F12F0203283D0006FEC63 /* GLCodeFragmentTests.xctest */;
			productType = "com.apple.product-type.bundle.unit-test";
		};
		788F12FA203283D0006FEC63 /* GLCodeFragmentUITests */ = {
			isa = PBXNativeTarget;
			buildConfigurationList = 788F130A203283D1006FEC63 /* Build configuration list for PBXNativeTarget "GLCodeFragmentUITests" */;
			buildPhases = (
				788F12F7203283D0006FEC63 /* Sources */,
				788F12F8203283D0006FEC63 /* Frameworks */,
				788F12F9203283D0006FEC63 /* Resources */,
			);
			buildRules = (
			);
			dependencies = (
				788F12FD203283D0006FEC63 /* PBXTargetDependency */,
			);
			name = GLCodeFragmentUITests;
			productName = GLCodeFragmentUITests;
			productReference = 788F12FB203283D0006FEC63 /* GLCodeFragmentUITests.xctest */;
			productType = "com.apple.product-type.bundle.ui-testing";
		};
/* End PBXNativeTarget section */

/* Begin PBXProject section */
		788F12D0203283D0006FEC63 /* Project object */ = {
			isa = PBXProject;
			attributes = {
				LastUpgradeCheck = 0920;
				ORGANIZATIONNAME = JFChen;
				TargetAttributes = {
					788F12D7203283D0006FEC63 = {
						CreatedOnToolsVersion = 9.2;
						ProvisioningStyle = Automatic;
					};
					788F12EF203283D0006FEC63 = {
						CreatedOnToolsVersion = 9.2;
						ProvisioningStyle = Automatic;
						TestTargetID = 788F12D7203283D0006FEC63;
					};
					788F12FA203283D0006FEC63 = {
						CreatedOnToolsVersion = 9.2;
						ProvisioningStyle = Automatic;
						TestTargetID = 788F12D7203283D0006FEC63;
					};
				};
			};
			buildConfigurationList = 788F12D3203283D0006FEC63 /* Build configuration list for PBXProject "GLCodeFragment" */;
			compatibilityVersion = "Xcode 8.0";
			developmentRegion = en;
			hasScannedForEncodings = 0;
			knownRegions = (
				en,
				Base,
			);
			mainGroup = 788F12CF203283D0006FEC63;
			productRefGroup = 788F12D9203283D0006FEC63 /* Products */;
			projectDirPath = "";
			projectRoot = "";
			targets = (
				788F12D7203283D0006FEC63 /* GLCodeFragment */,
				788F12EF203283D0006FEC63 /* GLCodeFragmentTests */,
				788F12FA203283D0006FEC63 /* GLCodeFragmentUITests */,
			);
		};
/* End PBXProject section */

/* Begin PBXResourcesBuildPhase section */
		788F12D6203283D0006FEC63 /* Resources */ = {
			isa = PBXResourcesBuildPhase;
			buildActionMask = 2147483647;
			files = (
				788F12E8203283D0006FEC63 /* LaunchScreen.storyboard in Resources */,
				788F133B203293D5006FEC63 /* AGLKTextureMatrix2PointLightShader.vsh in Resources */,
				788F133F203293D5006FEC63 /* AGLKSkyboxShader.vsh in Resources */,
				788F12E5203283D0006FEC63 /* Assets.xcassets in Resources */,
				788F133D203293D5006FEC63 /* AGLKPointParticleShader.vsh in Resources */,
				788F133C203293D5006FEC63 /* AGLKSkyboxShader.fsh in Resources */,
				788F1346203293F7006FEC63 /* leaves.gif in Resources */,
				788F133E203293D5006FEC63 /* AGLKTextureMatrix2PointLightShader.fsh in Resources */,
				788F133A203293D5006FEC63 /* AGLKPointParticleShader.fsh in Resources */,
				788F12E3203283D0006FEC63 /* Main.storyboard in Resources */,
			);
			runOnlyForDeploymentPostprocessing = 0;
		};
		788F12EE203283D0006FEC63 /* Resources */ = {
			isa = PBXResourcesBuildPhase;
			buildActionMask = 2147483647;
			files = (
			);
			runOnlyForDeploymentPostprocessing = 0;
		};
		788F12F9203283D0006FEC63 /* Resources */ = {
			isa = PBXResourcesBuildPhase;
			buildActionMask = 2147483647;
			files = (
			);
			runOnlyForDeploymentPostprocessing = 0;
		};
/* End PBXResourcesBuildPhase section */

/* Begin PBXSourcesBuildPhase section */
		788F12D4203283D0006FEC63 /* Sources */ = {
			isa = PBXSourcesBuildPhase;
			buildActionMask = 2147483647;
			files = (
				788F131020328CC9006FEC63 /* RootTableViewController.m in Sources */,
				788F1345203293F7006FEC63 /* texture_01.m in Sources */,
				788F1332203293D5006FEC63 /* AGLKTextureTransformBaseEffect.m in Sources */,
				788F134B2032C3F1006FEC63 /* Texture_02.m in Sources */,
				788F1341203293D5006FEC63 /* AGLKFilters.m in Sources */,
				788F12EB203283D0006FEC63 /* main.m in Sources */,
				788F1336203293D5006FEC63 /* AGLKVertexAttribArrayBuffer.m in Sources */,
				788F1340203293D5006FEC63 /* AGLKSkyboxEffect.m in Sources */,
				788F12DD203283D0006FEC63 /* AppDelegate.m in Sources */,
				788F1334203293D5006FEC63 /* AGLKFrustum.m in Sources */,
				788F1337203293D5006FEC63 /* AGLKPointParticleEffect.m in Sources */,
				788F134E2032D1A2006FEC63 /* Texture_03.m in Sources */,
				788F1335203293D5006FEC63 /* AGLKViewController.m in Sources */,
				788F1333203293D5006FEC63 /* AGLKContext.m in Sources */,
				788F1339203293D5006FEC63 /* AGLKCollision.m in Sources */,
				788F1331203293D5006FEC63 /* AGLKView.m in Sources */,
				788F1338203293D5006FEC63 /* AGLKTextureLoader.m in Sources */,
			);
			runOnlyForDeploymentPostprocessing = 0;
		};
		788F12EC203283D0006FEC63 /* Sources */ = {
			isa = PBXSourcesBuildPhase;
			buildActionMask = 2147483647;
			files = (
				788F12F5203283D0006FEC63 /* GLCodeFragmentTests.m in Sources */,
			);
			runOnlyForDeploymentPostprocessing = 0;
		};
		788F12F7203283D0006FEC63 /* Sources */ = {
			isa = PBXSourcesBuildPhase;
			buildActionMask = 2147483647;
			files = (
				788F1300203283D0006FEC63 /* GLCodeFragmentUITests.m in Sources */,
			);
			runOnlyForDeploymentPostprocessing = 0;
		};
/* End PBXSourcesBuildPhase section */

/* Begin PBXTargetDependency section */
		788F12F2203283D0006FEC63 /* PBXTargetDependency */ = {
			isa = PBXTargetDependency;
			target = 788F12D7203283D0006FEC63 /* GLCodeFragment */;
			targetProxy = 788F12F1203283D0006FEC63 /* PBXContainerItemProxy */;
		};
		788F12FD203283D0006FEC63 /* PBXTargetDependency */ = {
			isa = PBXTargetDependency;
			target = 788F12D7203283D0006FEC63 /* GLCodeFragment */;
			targetProxy = 788F12FC203283D0006FEC63 /* PBXContainerItemProxy */;
		};
/* End PBXTargetDependency section */

/* Begin PBXVariantGroup section */
		788F12E1203283D0006FEC63 /* Main.storyboard */ = {
			isa = PBXVariantGroup;
			children = (
				788F12E2203283D0006FEC63 /* Base */,
			);
			name = Main.storyboard;
			sourceTree = "<group>";
		};
		788F12E6203283D0006FEC63 /* LaunchScreen.storyboard */ = {
			isa = PBXVariantGroup;
			children = (
				788F12E7203283D0006FEC63 /* Base */,
			);
			name = LaunchScreen.storyboard;
			sourceTree = "<group>";
		};
/* End PBXVariantGroup section */

/* Begin XCBuildConfiguration section */
		788F1302203283D1006FEC63 /* Debug */ = {
			isa = XCBuildConfiguration;
			buildSettings = {
				ALWAYS_SEARCH_USER_PATHS = NO;
				CLANG_ANALYZER_NONNULL = YES;
				CLANG_ANALYZER_NUMBER_OBJECT_CONVERSION = YES_AGGRESSIVE;
				CLANG_CXX_LANGUAGE_STANDARD = "gnu++14";
				CLANG_CXX_LIBRARY = "libc++";
				CLANG_ENABLE_MODULES = YES;
				CLANG_ENABLE_OBJC_ARC = YES;
				CLANG_WARN_BLOCK_CAPTURE_AUTORELEASING = YES;
				CLANG_WARN_BOOL_CONVERSION = YES;
				CLANG_WARN_COMMA = YES;
				CLANG_WARN_CONSTANT_CONVERSION = YES;
				CLANG_WARN_DIRECT_OBJC_ISA_USAGE = YES_ERROR;
				CLANG_WARN_DOCUMENTATION_COMMENTS = YES;
				CLANG_WARN_EMPTY_BODY = YES;
				CLANG_WARN_ENUM_CONVERSION = YES;
				CLANG_WARN_INFINITE_RECURSION = YES;
				CLANG_WARN_INT_CONVERSION = YES;
				CLANG_WARN_NON_LITERAL_NULL_CONVERSION = YES;
				CLANG_WARN_OBJC_LITERAL_CONVERSION = YES;
				CLANG_WARN_OBJC_ROOT_CLASS = YES_ERROR;
				CLANG_WARN_RANGE_LOOP_ANALYSIS = YES;
				CLANG_WARN_STRICT_PROTOTYPES = YES;
				CLANG_WARN_SUSPICIOUS_MOVE = YES;
				CLANG_WARN_UNGUARDED_AVAILABILITY = YES_AGGRESSIVE;
				CLANG_WARN_UNREACHABLE_CODE = YES;
				CLANG_WARN__DUPLICATE_METHOD_MATCH = YES;
				CODE_SIGN_IDENTITY = "iPhone Developer";
				COPY_PHASE_STRIP = NO;
				DEBUG_INFORMATION_FORMAT = dwarf;
				ENABLE_STRICT_OBJC_MSGSEND = YES;
				ENABLE_TESTABILITY = YES;
				GCC_C_LANGUAGE_STANDARD = gnu11;
				GCC_DYNAMIC_NO_PIC = NO;
				GCC_NO_COMMON_BLOCKS = YES;
				GCC_OPTIMIZATION_LEVEL = 0;
				GCC_PREPROCESSOR_DEFINITIONS = (
					"DEBUG=1",
					"$(inherited)",
				);
				GCC_WARN_64_TO_32_BIT_CONVERSION = YES;
				GCC_WARN_ABOUT_RETURN_TYPE = YES_ERROR;
				GCC_WARN_UNDECLARED_SELECTOR = YES;
				GCC_WARN_UNINITIALIZED_AUTOS = YES_AGGRESSIVE;
				GCC_WARN_UNUSED_FUNCTION = YES;
				GCC_WARN_UNUSED_VARIABLE = YES;
				IPHONEOS_DEPLOYMENT_TARGET = 11.2;
				MTL_ENABLE_DEBUG_INFO = YES;
				ONLY_ACTIVE_ARCH = YES;
				SDKROOT = iphoneos;
			};
			name = Debug;
		};
		788F1303203283D1006FEC63 /* Release */ = {
			isa = XCBuildConfiguration;
			buildSettings = {
				ALWAYS_SEARCH_USER_PATHS = NO;
				CLANG_ANALYZER_NONNULL = YES;
				CLANG_ANALYZER_NUMBER_OBJECT_CONVERSION = YES_AGGRESSIVE;
				CLANG_CXX_LANGUAGE_STANDARD = "gnu++14";
				CLANG_CXX_LIBRARY = "libc++";
				CLANG_ENABLE_MODULES = YES;
				CLANG_ENABLE_OBJC_ARC = YES;
				CLANG_WARN_BLOCK_CAPTURE_AUTORELEASING = YES;
				CLANG_WARN_BOOL_CONVERSION = YES;
				CLANG_WARN_COMMA = YES;
				CLANG_WARN_CONSTANT_CONVERSION = YES;
				CLANG_WARN_DIRECT_OBJC_ISA_USAGE = YES_ERROR;
				CLANG_WARN_DOCUMENTATION_COMMENTS = YES;
				CLANG_WARN_EMPTY_BODY = YES;
				CLANG_WARN_ENUM_CONVERSION = YES;
				CLANG_WARN_INFINITE_RECURSION = YES;
				CLANG_WARN_INT_CONVERSION = YES;
				CLANG_WARN_NON_LITERAL_NULL_CONVERSION = YES;
				CLANG_WARN_OBJC_LITERAL_CONVERSION = YES;
				CLANG_WARN_OBJC_ROOT_CLASS = YES_ERROR;
				CLANG_WARN_RANGE_LOOP_ANALYSIS = YES;
				CLANG_WARN_STRICT_PROTOTYPES = YES;
				CLANG_WARN_SUSPICIOUS_MOVE = YES;
				CLANG_WARN_UNGUARDED_AVAILABILITY = YES_AGGRESSIVE;
				CLANG_WARN_UNREACHABLE_CODE = YES;
				CLANG_WARN__DUPLICATE_METHOD_MATCH = YES;
				CODE_SIGN_IDENTITY = "iPhone Developer";
				COPY_PHASE_STRIP = NO;
				DEBUG_INFORMATION_FORMAT = "dwarf-with-dsym";
				ENABLE_NS_ASSERTIONS = NO;
				ENABLE_STRICT_OBJC_MSGSEND = YES;
				GCC_C_LANGUAGE_STANDARD = gnu11;
				GCC_NO_COMMON_BLOCKS = YES;
				GCC_WARN_64_TO_32_BIT_CONVERSION = YES;
				GCC_WARN_ABOUT_RETURN_TYPE = YES_ERROR;
				GCC_WARN_UNDECLARED_SELECTOR = YES;
				GCC_WARN_UNINITIALIZED_AUTOS = YES_AGGRESSIVE;
				GCC_WARN_UNUSED_FUNCTION = YES;
				GCC_WARN_UNUSED_VARIABLE = YES;
				IPHONEOS_DEPLOYMENT_TARGET = 11.2;
				MTL_ENABLE_DEBUG_INFO = NO;
				SDKROOT = iphoneos;
				VALIDATE_PRODUCT = YES;
			};
			name = Release;
		};
		788F1305203283D1006FEC63 /* Debug */ = {
			isa = XCBuildConfiguration;
			buildSettings = {
				ASSETCATALOG_COMPILER_APPICON_NAME = AppIcon;
				CODE_SIGN_STYLE = Automatic;
				DEVELOPMENT_TEAM = 7H57TJHB75;
				INFOPLIST_FILE = GLCodeFragment/Info.plist;
				IPHONEOS_DEPLOYMENT_TARGET = 8.0;
				LD_RUNPATH_SEARCH_PATHS = "$(inherited) @executable_path/Frameworks";
				PRODUCT_BUNDLE_IDENTIFIER = com.openGl.jianfeng.GLCodeFragment;
				PRODUCT_NAME = "$(TARGET_NAME)";
				TARGETED_DEVICE_FAMILY = "1,2";
			};
			name = Debug;
		};
		788F1306203283D1006FEC63 /* Release */ = {
			isa = XCBuildConfiguration;
			buildSettings = {
				ASSETCATALOG_COMPILER_APPICON_NAME = AppIcon;
				CODE_SIGN_STYLE = Automatic;
				DEVELOPMENT_TEAM = 7H57TJHB75;
				INFOPLIST_FILE = GLCodeFragment/Info.plist;
				IPHONEOS_DEPLOYMENT_TARGET = 8.0;
				LD_RUNPATH_SEARCH_PATHS = "$(inherited) @executable_path/Frameworks";
				PRODUCT_BUNDLE_IDENTIFIER = com.openGl.jianfeng.GLCodeFragment;
				PRODUCT_NAME = "$(TARGET_NAME)";
				TARGETED_DEVICE_FAMILY = "1,2";
			};
			name = Release;
		};
		788F1308203283D1006FEC63 /* Debug */ = {
			isa = XCBuildConfiguration;
			buildSettings = {
				BUNDLE_LOADER = "$(TEST_HOST)";
				CODE_SIGN_STYLE = Automatic;
				INFOPLIST_FILE = GLCodeFragmentTests/Info.plist;
				LD_RUNPATH_SEARCH_PATHS = "$(inherited) @executable_path/Frameworks @loader_path/Frameworks";
				PRODUCT_BUNDLE_IDENTIFIER = com.openGl.jianfeng.GLCodeFragmentTests;
				PRODUCT_NAME = "$(TARGET_NAME)";
				TARGETED_DEVICE_FAMILY = "1,2";
				TEST_HOST = "$(BUILT_PRODUCTS_DIR)/GLCodeFragment.app/GLCodeFragment";
			};
			name = Debug;
		};
		788F1309203283D1006FEC63 /* Release */ = {
			isa = XCBuildConfiguration;
			buildSettings = {
				BUNDLE_LOADER = "$(TEST_HOST)";
				CODE_SIGN_STYLE = Automatic;
				INFOPLIST_FILE = GLCodeFragmentTests/Info.plist;
				LD_RUNPATH_SEARCH_PATHS = "$(inherited) @executable_path/Frameworks @loader_path/Frameworks";
				PRODUCT_BUNDLE_IDENTIFIER = com.openGl.jianfeng.GLCodeFragmentTests;
				PRODUCT_NAME = "$(TARGET_NAME)";
				TARGETED_DEVICE_FAMILY = "1,2";
				TEST_HOST = "$(BUILT_PRODUCTS_DIR)/GLCodeFragment.app/GLCodeFragment";
			};
			name = Release;
		};
		788F130B203283D1006FEC63 /* Debug */ = {
			isa = XCBuildConfiguration;
			buildSettings = {
				CODE_SIGN_STYLE = Automatic;
				INFOPLIST_FILE = GLCodeFragmentUITests/Info.plist;
				LD_RUNPATH_SEARCH_PATHS = "$(inherited) @executable_path/Frameworks @loader_path/Frameworks";
				PRODUCT_BUNDLE_IDENTIFIER = com.openGl.jianfeng.GLCodeFragmentUITests;
				PRODUCT_NAME = "$(TARGET_NAME)";
				TARGETED_DEVICE_FAMILY = "1,2";
				TEST_TARGET_NAME = GLCodeFragment;
			};
			name = Debug;
		};
		788F130C203283D1006FEC63 /* Release */ = {
			isa = XCBuildConfiguration;
			buildSettings = {
				CODE_SIGN_STYLE = Automatic;
				INFOPLIST_FILE = GLCodeFragmentUITests/Info.plist;
				LD_RUNPATH_SEARCH_PATHS = "$(inherited) @executable_path/Frameworks @loader_path/Frameworks";
				PRODUCT_BUNDLE_IDENTIFIER = com.openGl.jianfeng.GLCodeFragmentUITests;
				PRODUCT_NAME = "$(TARGET_NAME)";
				TARGETED_DEVICE_FAMILY = "1,2";
				TEST_TARGET_NAME = GLCodeFragment;
			};
			name = Release;
		};
/* End XCBuildConfiguration section */

/* Begin XCConfigurationList section */
		788F12D3203283D0006FEC63 /* Build configuration list for PBXProject "GLCodeFragment" */ = {
			isa = XCConfigurationList;
			buildConfigurations = (
				788F1302203283D1006FEC63 /* Debug */,
				788F1303203283D1006FEC63 /* Release */,
			);
			defaultConfigurationIsVisible = 0;
			defaultConfigurationName = Release;
		};
		788F1304203283D1006FEC63 /* Build configuration list for PBXNativeTarget "GLCodeFragment" */ = {
			isa = XCConfigurationList;
			buildConfigurations = (
				788F1305203283D1006FEC63 /* Debug */,
				788F1306203283D1006FEC63 /* Release */,
			);
			defaultConfigurationIsVisible = 0;
			defaultConfigurationName = Release;
		};
		788F1307203283D1006FEC63 /* Build configuration list for PBXNativeTarget "GLCodeFragmentTests" */ = {
			isa = XCConfigurationList;
			buildConfigurations = (
				788F1308203283D1006FEC63 /* Debug */,
				788F1309203283D1006FEC63 /* Release */,
			);
			defaultConfigurationIsVisible = 0;
			defaultConfigurationName = Release;
		};
		788F130A203283D1006FEC63 /* Build configuration list for PBXNativeTarget "GLCodeFragmentUITests" */ = {
			isa = XCConfigurationList;
			buildConfigurations = (
				788F130B203283D1006FEC63 /* Debug */,
				788F130C203283D1006FEC63 /* Release */,
			);
			defaultConfigurationIsVisible = 0;
			defaultConfigurationName = Release;
		};
/* End XCConfigurationList section */
	};
	rootObject = 788F12D0203283D0006FEC63 /* Project object */;
}
